
Microsoft Visual Studio Solution File, Format Version 12.00
# Visual Studio Version 16
VisualStudioVersion = 16.0.33027.164
MinimumVisualStudioVersion = 10.0.40219.1
Project("{FAE04EC0-301F-11D3-BF4B-00C04F79EFBC}") = "TechOverflow.Server", "TechOverflow\Server\TechOverflow.Server.csproj", "{F1C27107-22DC-4E31-B845-08017731134A}"
EndProject
Project("{FAE04EC0-301F-11D3-BF4B-00C04F79EFBC}") = "TechOverflow.Client", "TechOverflow\Client\TechOverflow.Client.csproj", "{6489AABB-CD96-49C1-AC28-6EC8905D1A2F}"
EndProject
Project("{FAE04EC0-301F-11D3-BF4B-00C04F79EFBC}") = "TechOverflow.Shared", "TechOverflow\Shared\TechOverflow.Shared.csproj", "{AA76E0CC-3E8A-44B4-A824-3E92B7653623}"
EndProject
Global
	GlobalSection(SolutionConfigurationPlatforms) = preSolution
		Debug|Any CPU = Debug|Any CPU
		Release|Any CPU = Release|Any CPU
	EndGlobalSection
	GlobalSection(ProjectConfigurationPlatforms) = postSolution
		{F1C27107-22DC-4E31-B845-08017731134A}.Debug|Any CPU.ActiveCfg = Debug|Any CPU
		{F1C27107-22DC-4E31-B845-08017731134A}.Debug|Any CPU.Build.0 = Debug|Any CPU
		{F1C27107-22DC-4E31-B845-08017731134A}.Release|Any CPU.ActiveCfg = Release|Any CPU
		{F1C27107-22DC-4E31-B845-08017731134A}.Release|Any CPU.Build.0 = Release|Any CPU
		{6489AABB-CD96-49C1-AC28-6EC8905D1A2F}.Debug|Any CPU.ActiveCfg = Debug|Any CPU
		{6489AABB-CD96-49C1-AC28-6EC8905D1A2F}.Debug|Any CPU.Build.0 = Debug|Any CPU
		{6489AABB-CD96-49C1-AC28-6EC8905D1A2F}.Release|Any CPU.ActiveCfg = Release|Any CPU
		{6489AABB-CD96-49C1-AC28-6EC8905D1A2F}.Release|Any CPU.Build.0 = Release|Any CPU
		{AA76E0CC-3E8A-44B4-A824-3E92B7653623}.Debug|Any CPU.ActiveCfg = Debug|Any CPU
		{AA76E0CC-3E8A-44B4-A824-3E92B7653623}.Debug|Any CPU.Build.0 = Debug|Any CPU
		{AA76E0CC-3E8A-44B4-A824-3E92B7653623}.Release|Any CPU.ActiveCfg = Release|Any CPU
		{AA76E0CC-3E8A-44B4-A824-3E92B7653623}.Release|Any CPU.Build.0 = Release|Any CPU
	EndGlobalSection
	GlobalSection(SolutionProperties) = preSolution
		HideSolutionNode = FALSE
	EndGlobalSection
	GlobalSection(ExtensibilityGlobals) = postSolution
		SolutionGuid = {2DCFB781-F0D3-4A1D-A57A-EABF96CC8497}
	EndGlobalSection
EndGlobal
